
Microsoft Visual Studio Solution File, Format Version 12.00
# Visual Studio Version 17
VisualStudioVersion = 17.0.31903.59
MinimumVisualStudioVersion = 10.0.40219.1
Project("{FAE04EC0-301F-11D3-BF4B-00C04F79EFBC}") = "ScreenshotTool", "src\ScreenshotTool\ScreenshotTool.csproj", "{A7AA4E06-C8E1-4D29-A4D6-F2B2AA1137F0}"
EndProject
Project("{FAE04EC0-301F-11D3-BF4B-00C04F79EFBC}") = "ScreenshotTool.Contracts", "src\ScreenshotTool.Contracts\ScreenshotTool.Contracts.csproj", "{730FA376-5872-42C8-A15B-A964354A9419}"
EndProject
Project("{FAE04EC0-301F-11D3-BF4B-00C04F79EFBC}") = "ScreenshotTool.LogicTests", "tests\ScreenshotTool.LogicTests\ScreenshotTool.LogicTests.csproj", "{6E88B8E1-3C90-47C9-B191-4111D13DF51F}"
EndProject
Project("{FAE04EC0-301F-11D3-BF4B-00C04F79EFBC}") = "ScreenshotTool.TestModule", "tests\ScreenshotTool.TestModule\ScreenshotTool.TestModule.csproj", "{BFA3360A-36DD-4CA5-A2E5-0D2E5A8B3F62}"
EndProject
Project("{FAE04EC0-301F-11D3-BF4B-00C04F79EFBC}") = "ScreenshotTool.UiPreview", "tests\ScreenshotTool.UiPreview\ScreenshotTool.UiPreview.csproj", "{D9A9EDC7-0A9A-46C8-8670-B90790D2CD67}"
EndProject
Project("{FAE04EC0-301F-11D3-BF4B-00C04F79EFBC}") = "ScreenshotTool.LongCapture", "src\ScreenshotTool.LongCapture\ScreenshotTool.LongCapture.csproj", "{AF5E413A-B806-4DCF-A4F5-A8650598DBF0}"
EndProject
Project("{FAE04EC0-301F-11D3-BF4B-00C04F79EFBC}") = "ScreenshotTool.ScreenRecording", "src\ScreenshotTool.ScreenRecording\ScreenshotTool.ScreenRecording.csproj", "{E5D97B5A-7266-4FDB-BE56-3C178CA0A6E9}"
EndProject
Project("{FAE04EC0-301F-11D3-BF4B-00C04F79EFBC}") = "ScreenshotTool.ScreenRecording.Recorder", "src\ScreenshotTool.ScreenRecording.Recorder\ScreenshotTool.ScreenRecording.Recorder.csproj", "{BC0F6089-1254-4B90-AAD4-F2D83C84DF21}"
EndProject
Project("{FAE04EC0-301F-11D3-BF4B-00C04F79EFBC}") = "ScreenshotTool.Ocr", "src\ScreenshotTool.Ocr\ScreenshotTool.Ocr.csproj", "{49C76E31-4EAB-4B28-8A69-21E64D89F7FA}"
EndProject
Project("{FAE04EC0-301F-11D3-BF4B-00C04F79EFBC}") = "ScreenshotTool.QrCode", "src\ScreenshotTool.QrCode\ScreenshotTool.QrCode.csproj", "{8F8A0949-D1B3-4C5F-8E27-A63C1E9C5C22}"
EndProject
Project("{FAE04EC0-301F-11D3-BF4B-00C04F79EFBC}") = "ScreenshotTool.PaddleOcr", "src\ScreenshotTool.PaddleOcr\ScreenshotTool.PaddleOcr.csproj", "{827D0F42-0D89-43AA-BA30-0FB84A9164D4}"
EndProject
Project("{FAE04EC0-301F-11D3-BF4B-00C04F79EFBC}") = "ScreenshotTool.PaddleOcr.Tiny", "src\ScreenshotTool.PaddleOcr.Tiny\ScreenshotTool.PaddleOcr.Tiny.csproj", "{CDBAD80F-A52E-4DA3-81C7-96D6BD84DF02}"
EndProject
Project("{FAE04EC0-301F-11D3-BF4B-00C04F79EFBC}") = "ScreenshotTool.PaddleOcr.Small", "src\ScreenshotTool.PaddleOcr.Small\ScreenshotTool.PaddleOcr.Small.csproj", "{3ED40897-DF67-4C92-8FA0-ECE151DA9163}"
EndProject
Project("{FAE04EC0-301F-11D3-BF4B-00C04F79EFBC}") = "ScreenshotTool.PinnedImage", "src\ScreenshotTool.PinnedImage\ScreenshotTool.PinnedImage.csproj", "{D1E1E0AC-ACB1-4D76-9E8F-1AC6A60D1642}"
EndProject
Global
	GlobalSection(SolutionConfigurationPlatforms) = preSolution
		Debug|Any CPU = Debug|Any CPU
		Release|Any CPU = Release|Any CPU
	EndGlobalSection
	GlobalSection(ProjectConfigurationPlatforms) = postSolution
		{A7AA4E06-C8E1-4D29-A4D6-F2B2AA1137F0}.Debug|Any CPU.ActiveCfg = Debug|Any CPU
		{A7AA4E06-C8E1-4D29-A4D6-F2B2AA1137F0}.Debug|Any CPU.Build.0 = Debug|Any CPU
		{A7AA4E06-C8E1-4D29-A4D6-F2B2AA1137F0}.Release|Any CPU.ActiveCfg = Release|Any CPU
		{A7AA4E06-C8E1-4D29-A4D6-F2B2AA1137F0}.Release|Any CPU.Build.0 = Release|Any CPU
		{730FA376-5872-42C8-A15B-A964354A9419}.Debug|Any CPU.ActiveCfg = Debug|Any CPU
		{730FA376-5872-42C8-A15B-A964354A9419}.Debug|Any CPU.Build.0 = Debug|Any CPU
		{730FA376-5872-42C8-A15B-A964354A9419}.Release|Any CPU.ActiveCfg = Release|Any CPU
		{730FA376-5872-42C8-A15B-A964354A9419}.Release|Any CPU.Build.0 = Release|Any CPU
		{6E88B8E1-3C90-47C9-B191-4111D13DF51F}.Debug|Any CPU.ActiveCfg = Debug|Any CPU
		{6E88B8E1-3C90-47C9-B191-4111D13DF51F}.Debug|Any CPU.Build.0 = Debug|Any CPU
		{6E88B8E1-3C90-47C9-B191-4111D13DF51F}.Release|Any CPU.ActiveCfg = Release|Any CPU
		{6E88B8E1-3C90-47C9-B191-4111D13DF51F}.Release|Any CPU.Build.0 = Release|Any CPU
		{BFA3360A-36DD-4CA5-A2E5-0D2E5A8B3F62}.Debug|Any CPU.ActiveCfg = Debug|Any CPU
		{BFA3360A-36DD-4CA5-A2E5-0D2E5A8B3F62}.Debug|Any CPU.Build.0 = Debug|Any CPU
		{BFA3360A-36DD-4CA5-A2E5-0D2E5A8B3F62}.Release|Any CPU.ActiveCfg = Release|Any CPU
		{BFA3360A-36DD-4CA5-A2E5-0D2E5A8B3F62}.Release|Any CPU.Build.0 = Release|Any CPU
		{D9A9EDC7-0A9A-46C8-8670-B90790D2CD67}.Debug|Any CPU.ActiveCfg = Debug|Any CPU
		{D9A9EDC7-0A9A-46C8-8670-B90790D2CD67}.Debug|Any CPU.Build.0 = Debug|Any CPU
		{D9A9EDC7-0A9A-46C8-8670-B90790D2CD67}.Release|Any CPU.ActiveCfg = Release|Any CPU
		{D9A9EDC7-0A9A-46C8-8670-B90790D2CD67}.Release|Any CPU.Build.0 = Release|Any CPU
		{AF5E413A-B806-4DCF-A4F5-A8650598DBF0}.Debug|Any CPU.ActiveCfg = Debug|Any CPU
		{AF5E413A-B806-4DCF-A4F5-A8650598DBF0}.Debug|Any CPU.Build.0 = Debug|Any CPU
		{AF5E413A-B806-4DCF-A4F5-A8650598DBF0}.Release|Any CPU.ActiveCfg = Release|Any CPU
		{AF5E413A-B806-4DCF-A4F5-A8650598DBF0}.Release|Any CPU.Build.0 = Release|Any CPU
		{E5D97B5A-7266-4FDB-BE56-3C178CA0A6E9}.Debug|Any CPU.ActiveCfg = Debug|Any CPU
		{E5D97B5A-7266-4FDB-BE56-3C178CA0A6E9}.Debug|Any CPU.Build.0 = Debug|Any CPU
		{E5D97B5A-7266-4FDB-BE56-3C178CA0A6E9}.Release|Any CPU.ActiveCfg = Release|Any CPU
		{E5D97B5A-7266-4FDB-BE56-3C178CA0A6E9}.Release|Any CPU.Build.0 = Release|Any CPU
		{BC0F6089-1254-4B90-AAD4-F2D83C84DF21}.Debug|Any CPU.ActiveCfg = Debug|x64
		{BC0F6089-1254-4B90-AAD4-F2D83C84DF21}.Debug|Any CPU.Build.0 = Debug|x64
		{BC0F6089-1254-4B90-AAD4-F2D83C84DF21}.Release|Any CPU.ActiveCfg = Release|x64
		{BC0F6089-1254-4B90-AAD4-F2D83C84DF21}.Release|Any CPU.Build.0 = Release|x64
		{49C76E31-4EAB-4B28-8A69-21E64D89F7FA}.Debug|Any CPU.ActiveCfg = Debug|Any CPU
		{49C76E31-4EAB-4B28-8A69-21E64D89F7FA}.Debug|Any CPU.Build.0 = Debug|Any CPU
		{49C76E31-4EAB-4B28-8A69-21E64D89F7FA}.Release|Any CPU.ActiveCfg = Release|Any CPU
		{49C76E31-4EAB-4B28-8A69-21E64D89F7FA}.Release|Any CPU.Build.0 = Release|Any CPU
		{8F8A0949-D1B3-4C5F-8E27-A63C1E9C5C22}.Debug|Any CPU.ActiveCfg = Debug|Any CPU
		{8F8A0949-D1B3-4C5F-8E27-A63C1E9C5C22}.Debug|Any CPU.Build.0 = Debug|Any CPU
		{8F8A0949-D1B3-4C5F-8E27-A63C1E9C5C22}.Release|Any CPU.ActiveCfg = Release|Any CPU
		{8F8A0949-D1B3-4C5F-8E27-A63C1E9C5C22}.Release|Any CPU.Build.0 = Release|Any CPU
		{827D0F42-0D89-43AA-BA30-0FB84A9164D4}.Debug|Any CPU.ActiveCfg = Debug|Any CPU
		{827D0F42-0D89-43AA-BA30-0FB84A9164D4}.Debug|Any CPU.Build.0 = Debug|Any CPU
		{827D0F42-0D89-43AA-BA30-0FB84A9164D4}.Release|Any CPU.ActiveCfg = Release|Any CPU
		{827D0F42-0D89-43AA-BA30-0FB84A9164D4}.Release|Any CPU.Build.0 = Release|Any CPU
		{CDBAD80F-A52E-4DA3-81C7-96D6BD84DF02}.Debug|Any CPU.ActiveCfg = Debug|Any CPU
		{CDBAD80F-A52E-4DA3-81C7-96D6BD84DF02}.Debug|Any CPU.Build.0 = Debug|Any CPU
		{CDBAD80F-A52E-4DA3-81C7-96D6BD84DF02}.Release|Any CPU.ActiveCfg = Release|Any CPU
		{CDBAD80F-A52E-4DA3-81C7-96D6BD84DF02}.Release|Any CPU.Build.0 = Release|Any CPU
		{3ED40897-DF67-4C92-8FA0-ECE151DA9163}.Debug|Any CPU.ActiveCfg = Debug|Any CPU
		{3ED40897-DF67-4C92-8FA0-ECE151DA9163}.Debug|Any CPU.Build.0 = Debug|Any CPU
		{3ED40897-DF67-4C92-8FA0-ECE151DA9163}.Release|Any CPU.ActiveCfg = Release|Any CPU
		{3ED40897-DF67-4C92-8FA0-ECE151DA9163}.Release|Any CPU.Build.0 = Release|Any CPU
		{D1E1E0AC-ACB1-4D76-9E8F-1AC6A60D1642}.Debug|Any CPU.ActiveCfg = Debug|Any CPU
		{D1E1E0AC-ACB1-4D76-9E8F-1AC6A60D1642}.Debug|Any CPU.Build.0 = Debug|Any CPU
		{D1E1E0AC-ACB1-4D76-9E8F-1AC6A60D1642}.Release|Any CPU.ActiveCfg = Release|Any CPU
		{D1E1E0AC-ACB1-4D76-9E8F-1AC6A60D1642}.Release|Any CPU.Build.0 = Release|Any CPU
	EndGlobalSection
EndGlobal
